
Microsoft Visual Studio Solution File, Format Version 12.00
# Visual Studio Version 17
VisualStudioVersion = 17.8.34511.84
MinimumVisualStudioVersion = 10.0.40219.1
Project("{FAE04EC0-301F-11D3-BF4B-00C04F79EFBC}") = "ChatApp", "ChatApp.csproj", "{3503C665-C8EA-4DC0-B14E-BFD1EC076854}"
EndProject
Global
	GlobalSection(SolutionConfigurationPlatforms) = preSolution
		Debug|Any CPU = Debug|Any CPU
		Release|Any CPU = Release|Any CPU
	EndGlobalSection
	GlobalSection(ProjectConfigurationPlatforms) = postSolution
		{3503C665-C8EA-4DC0-B14E-BFD1EC076854}.Debug|Any CPU.ActiveCfg = Debug|Any CPU
		{3503C665-C8EA-4DC0-B14E-BFD1EC076854}.Debug|Any CPU.Build.0 = Debug|Any CPU
		{3503C665-C8EA-4DC0-B14E-BFD1EC076854}.Release|Any CPU.ActiveCfg = Release|Any CPU
		{3503C665-C8EA-4DC0-B14E-BFD1EC076854}.Release|Any CPU.Build.0 = Release|Any CPU
	EndGlobalSection
	GlobalSection(SolutionProperties) = preSolution
		HideSolutionNode = FALSE
	EndGlobalSection
	GlobalSection(ExtensibilityGlobals) = postSolution
		SolutionGuid = {94C1D03F-51A7-4875-B3A1-0EDE7A6C0498}
	EndGlobalSection
EndGlobal
